// !$*UTF8*$!
{
	archiveVersion = 1;
	classes = {
	};
	objectVersion = 50;
	objects = {

/* Begin PBXBuildFile section */
		9AF76FCE26E87D9D00D69B09 /* AppDelegate.swift in Sources */ = {isa = PBXBuildFile; fileRef = 9AF76FCD26E87D9D00D69B09 /* AppDelegate.swift */; };
		9AF76FD026E87D9D00D69B09 /* SceneDelegate.swift in Sources */ = {isa = PBXBuildFile; fileRef = 9AF76FCF26E87D9D00D69B09 /* SceneDelegate.swift */; };
		9AF76FD226E87D9D00D69B09 /* HomeViewController.swift in Sources */ = {isa = PBXBuildFile; fileRef = 9AF76FD126E87D9D00D69B09 /* HomeViewController.swift */; };
		9AF76FD726E87D9F00D69B09 /* Assets.xcassets in Resources */ = {isa = PBXBuildFile; fileRef = 9AF76FD626E87D9F00D69B09 /* Assets.xcassets */; };
		9AF76FDA26E87D9F00D69B09 /* LaunchScreen.storyboard in Resources */ = {isa = PBXBuildFile; fileRef = 9AF76FD826E87D9F00D69B09 /* LaunchScreen.storyboard */; };
		9AF76FEA26E8821500D69B09 /* TabBarViewController.swift in Sources */ = {isa = PBXBuildFile; fileRef = 9AF76FE926E8821500D69B09 /* TabBarViewController.swift */; };
		9AF76FEE26E8829100D69B09 /* SearchViewController.swift in Sources */ = {isa = PBXBuildFile; fileRef = 9AF76FED26E8829100D69B09 /* SearchViewController.swift */; };
		9AF76FF126E882BE00D69B09 /* LibraryViewController.swift in Sources */ = {isa = PBXBuildFile; fileRef = 9AF76FF026E882BE00D69B09 /* LibraryViewController.swift */; };
		9AF76FF826E8834100D69B09 /* AuthViewController.swift in Sources */ = {isa = PBXBuildFile; fileRef = 9AF76FF726E8834100D69B09 /* AuthViewController.swift */; };
		9AF76FFB26E8836900D69B09 /* WelcomeViewController.swift in Sources */ = {isa = PBXBuildFile; fileRef = 9AF76FFA26E8836900D69B09 /* WelcomeViewController.swift */; };
		9AF76FFE26E8839700D69B09 /* SettingsViewController.swift in Sources */ = {isa = PBXBuildFile; fileRef = 9AF76FFD26E8839700D69B09 /* SettingsViewController.swift */; };
		9AF7700126E883BF00D69B09 /* ProfileViewController.swift in Sources */ = {isa = PBXBuildFile; fileRef = 9AF7700026E883BF00D69B09 /* ProfileViewController.swift */; };
		9AF7700426E883EA00D69B09 /* PlayerViewController.swift in Sources */ = {isa = PBXBuildFile; fileRef = 9AF7700326E883EA00D69B09 /* PlayerViewController.swift */; };
		9AF7700726E8841D00D69B09 /* PlaylistViewController.swift in Sources */ = {isa = PBXBuildFile; fileRef = 9AF7700626E8841D00D69B09 /* PlaylistViewController.swift */; };
		9AF7700A26E8845E00D69B09 /* SearchResultsViewController.swift in Sources */ = {isa = PBXBuildFile; fileRef = 9AF7700926E8845E00D69B09 /* SearchResultsViewController.swift */; };
		9AF7700D26E8849C00D69B09 /* AuthManager.swift in Sources */ = {isa = PBXBuildFile; fileRef = 9AF7700C26E8849C00D69B09 /* AuthManager.swift */; };
		9AF7701026E884C100D69B09 /* APICaller.swift in Sources */ = {isa = PBXBuildFile; fileRef = 9AF7700F26E884C100D69B09 /* APICaller.swift */; };
		9AF7701326E884F100D69B09 /* HapticsManager.swift in Sources */ = {isa = PBXBuildFile; fileRef = 9AF7701226E884F100D69B09 /* HapticsManager.swift */; };
		9AF7701626E8852B00D69B09 /* Playlist.swift in Sources */ = {isa = PBXBuildFile; fileRef = 9AF7701526E8852B00D69B09 /* Playlist.swift */; };
		9AF7701926E8854700D69B09 /* AudioTrack.swift in Sources */ = {isa = PBXBuildFile; fileRef = 9AF7701826E8854700D69B09 /* AudioTrack.swift */; };
		9AF7701C26E8856500D69B09 /* Artist.swift in Sources */ = {isa = PBXBuildFile; fileRef = 9AF7701B26E8856500D69B09 /* Artist.swift */; };
		9AF7701F26E8859000D69B09 /* UserProfile.swift in Sources */ = {isa = PBXBuildFile; fileRef = 9AF7701E26E8859000D69B09 /* UserProfile.swift */; };
		9AF7702326E8CB9600D69B09 /* Extensions.swift in Sources */ = {isa = PBXBuildFile; fileRef = 9AF7702226E8CB9600D69B09 /* Extensions.swift */; };
		9AF7702626E996BA00D69B09 /* AuthResponse.swift in Sources */ = {isa = PBXBuildFile; fileRef = 9AF7702526E996BA00D69B09 /* AuthResponse.swift */; };
/* End PBXBuildFile section */

/* Begin PBXFileReference section */
		9AF76FCA26E87D9D00D69B09 /* Spotify.app */ = {isa = PBXFileReference; explicitFileType = wrapper.application; includeInIndex = 0; path = Spotify.app; sourceTree = BUILT_PRODUCTS_DIR; };
		9AF76FCD26E87D9D00D69B09 /* AppDelegate.swift */ = {isa = PBXFileReference; lastKnownFileType = sourcecode.swift; path = AppDelegate.swift; sourceTree = "<group>"; };
		9AF76FCF26E87D9D00D69B09 /* SceneDelegate.swift */ = {isa = PBXFileReference; lastKnownFileType = sourcecode.swift; path = SceneDelegate.swift; sourceTree = "<group>"; };
		9AF76FD126E87D9D00D69B09 /* HomeViewController.swift */ = {isa = PBXFileReference; lastKnownFileType = sourcecode.swift; path = HomeViewController.swift; sourceTree = "<group>"; };
		9AF76FD626E87D9F00D69B09 /* Assets.xcassets */ = {isa = PBXFileReference; lastKnownFileType = folder.assetcatalog; path = Assets.xcassets; sourceTree = "<group>"; };
		9AF76FD926E87D9F00D69B09 /* Base */ = {isa = PBXFileReference; lastKnownFileType = file.storyboard; name = Base; path = Base.lproj/LaunchScreen.storyboard; sourceTree = "<group>"; };
		9AF76FDB26E87D9F00D69B09 /* Info.plist */ = {isa = PBXFileReference; lastKnownFileType = text.plist.xml; path = Info.plist; sourceTree = "<group>"; };
		9AF76FE926E8821500D69B09 /* TabBarViewController.swift */ = {isa = PBXFileReference; lastKnownFileType = sourcecode.swift; path = TabBarViewController.swift; sourceTree = "<group>"; };
		9AF76FED26E8829100D69B09 /* SearchViewController.swift */ = {isa = PBXFileReference; lastKnownFileType = sourcecode.swift; path = SearchViewController.swift; sourceTree = "<group>"; };
		9AF76FF026E882BE00D69B09 /* LibraryViewController.swift */ = {isa = PBXFileReference; lastKnownFileType = sourcecode.swift; path = LibraryViewController.swift; sourceTree = "<group>"; };
		9AF76FF726E8834100D69B09 /* AuthViewController.swift */ = {isa = PBXFileReference; lastKnownFileType = sourcecode.swift; path = AuthViewController.swift; sourceTree = "<group>"; };
		9AF76FFA26E8836900D69B09 /* WelcomeViewController.swift */ = {isa = PBXFileReference; lastKnownFileType = sourcecode.swift; path = WelcomeViewController.swift; sourceTree = "<group>"; };
		9AF76FFD26E8839700D69B09 /* SettingsViewController.swift */ = {isa = PBXFileReference; lastKnownFileType = sourcecode.swift; path = SettingsViewController.swift; sourceTree = "<group>"; };
		9AF7700026E883BF00D69B09 /* ProfileViewController.swift */ = {isa = PBXFileReference; lastKnownFileType = sourcecode.swift; path = ProfileViewController.swift; sourceTree = "<group>"; };
		9AF7700326E883EA00D69B09 /* PlayerViewController.swift */ = {isa = PBXFileReference; lastKnownFileType = sourcecode.swift; path = PlayerViewController.swift; sourceTree = "<group>"; };
		9AF7700626E8841D00D69B09 /* PlaylistViewController.swift */ = {isa = PBXFileReference; lastKnownFileType = sourcecode.swift; path = PlaylistViewController.swift; sourceTree = "<group>"; };
		9AF7700926E8845E00D69B09 /* SearchResultsViewController.swift */ = {isa = PBXFileReference; lastKnownFileType = sourcecode.swift; path = SearchResultsViewController.swift; sourceTree = "<group>"; };
		9AF7700C26E8849C00D69B09 /* AuthManager.swift */ = {isa = PBXFileReference; lastKnownFileType = sourcecode.swift; path = AuthManager.swift; sourceTree = "<group>"; };
		9AF7700F26E884C100D69B09 /* APICaller.swift */ = {isa = PBXFileReference; lastKnownFileType = sourcecode.swift; path = APICaller.swift; sourceTree = "<group>"; };
		9AF7701226E884F100D69B09 /* HapticsManager.swift */ = {isa = PBXFileReference; lastKnownFileType = sourcecode.swift; path = HapticsManager.swift; sourceTree = "<group>"; };
		9AF7701526E8852B00D69B09 /* Playlist.swift */ = {isa = PBXFileReference; lastKnownFileType = sourcecode.swift; path = Playlist.swift; sourceTree = "<group>"; };
		9AF7701826E8854700D69B09 /* AudioTrack.swift */ = {isa = PBXFileReference; lastKnownFileType = sourcecode.swift; path = AudioTrack.swift; sourceTree = "<group>"; };
		9AF7701B26E8856500D69B09 /* Artist.swift */ = {isa = PBXFileReference; lastKnownFileType = sourcecode.swift; path = Artist.swift; sourceTree = "<group>"; };
		9AF7701E26E8859000D69B09 /* UserProfile.swift */ = {isa = PBXFileReference; lastKnownFileType = sourcecode.swift; path = UserProfile.swift; sourceTree = "<group>"; };
		9AF7702226E8CB9600D69B09 /* Extensions.swift */ = {isa = PBXFileReference; lastKnownFileType = sourcecode.swift; path = Extensions.swift; sourceTree = "<group>"; };
		9AF7702526E996BA00D69B09 /* AuthResponse.swift */ = {isa = PBXFileReference; lastKnownFileType = sourcecode.swift; path = AuthResponse.swift; sourceTree = "<group>"; };
/* End PBXFileReference section */

/* Begin PBXFrameworksBuildPhase section */
		9AF76FC726E87D9D00D69B09 /* Frameworks */ = {
			isa = PBXFrameworksBuildPhase;
			buildActionMask = 2147483647;
			files = (
			);
			runOnlyForDeploymentPostprocessing = 0;
		};
/* End PBXFrameworksBuildPhase section */

/* Begin PBXGroup section */
		9AF76FC126E87D9D00D69B09 = {
			isa = PBXGroup;
			children = (
				9AF76FCC26E87D9D00D69B09 /* Spotify */,
				9AF76FCB26E87D9D00D69B09 /* Products */,
			);
			sourceTree = "<group>";
		};
		9AF76FCB26E87D9D00D69B09 /* Products */ = {
			isa = PBXGroup;
			children = (
				9AF76FCA26E87D9D00D69B09 /* Spotify.app */,
			);
			name = Products;
			sourceTree = "<group>";
		};
		9AF76FCC26E87D9D00D69B09 /* Spotify */ = {
			isa = PBXGroup;
			children = (
				9AF76FE726E87E6C00D69B09 /* Resources */,
				9AF76FE626E87E3F00D69B09 /* Managers */,
				9AF76FE526E87E2F00D69B09 /* ViewModels */,
				9AF76FE426E87E2100D69B09 /* Models */,
				9AF76FE326E87E1300D69B09 /* Views */,
				9AF76FE226E87DF400D69B09 /* Controllers */,
				9AF76FDB26E87D9F00D69B09 /* Info.plist */,
			);
			path = Spotify;
			sourceTree = "<group>";
		};
		9AF76FE226E87DF400D69B09 /* Controllers */ = {
			isa = PBXGroup;
			children = (
				9AF76FF626E8830E00D69B09 /* Other */,
				9AF76FF426E882EF00D69B09 /* Core */,
			);
			path = Controllers;
			sourceTree = "<group>";
		};
		9AF76FE326E87E1300D69B09 /* Views */ = {
			isa = PBXGroup;
			children = (
				9AF76FD826E87D9F00D69B09 /* LaunchScreen.storyboard */,
			);
			path = Views;
			sourceTree = "<group>";
		};
		9AF76FE426E87E2100D69B09 /* Models */ = {
			isa = PBXGroup;
			children = (
				9AF7701526E8852B00D69B09 /* Playlist.swift */,
				9AF7701826E8854700D69B09 /* AudioTrack.swift */,
				9AF7701B26E8856500D69B09 /* Artist.swift */,
				9AF7701E26E8859000D69B09 /* UserProfile.swift */,
				9AF7702526E996BA00D69B09 /* AuthResponse.swift */,
			);
			path = Models;
			sourceTree = "<group>";
		};
		9AF76FE526E87E2F00D69B09 /* ViewModels */ = {
			isa = PBXGroup;
			children = (
			);
			path = ViewModels;
			sourceTree = "<group>";
		};
		9AF76FE626E87E3F00D69B09 /* Managers */ = {
			isa = PBXGroup;
			children = (
				9AF7700C26E8849C00D69B09 /* AuthManager.swift */,
				9AF7700F26E884C100D69B09 /* APICaller.swift */,
				9AF7701226E884F100D69B09 /* HapticsManager.swift */,
			);
			path = Managers;
			sourceTree = "<group>";
		};
		9AF76FE726E87E6C00D69B09 /* Resources */ = {
			isa = PBXGroup;
			children = (
				9AF76FD626E87D9F00D69B09 /* Assets.xcassets */,
				9AF76FCD26E87D9D00D69B09 /* AppDelegate.swift */,
				9AF76FCF26E87D9D00D69B09 /* SceneDelegate.swift */,
				9AF7702226E8CB9600D69B09 /* Extensions.swift */,
			);
			path = Resources;
			sourceTree = "<group>";
		};
		9AF76FF426E882EF00D69B09 /* Core */ = {
			isa = PBXGroup;
			children = (
				9AF76FE926E8821500D69B09 /* TabBarViewController.swift */,
				9AF76FD126E87D9D00D69B09 /* HomeViewController.swift */,
				9AF76FED26E8829100D69B09 /* SearchViewController.swift */,
				9AF76FF026E882BE00D69B09 /* LibraryViewController.swift */,
			);
			path = Core;
			sourceTree = "<group>";
		};
		9AF76FF626E8830E00D69B09 /* Other */ = {
			isa = PBXGroup;
			children = (
				9AF76FF726E8834100D69B09 /* AuthViewController.swift */,
				9AF76FFA26E8836900D69B09 /* WelcomeViewController.swift */,
				9AF76FFD26E8839700D69B09 /* SettingsViewController.swift */,
				9AF7700026E883BF00D69B09 /* ProfileViewController.swift */,
				9AF7700326E883EA00D69B09 /* PlayerViewController.swift */,
				9AF7700626E8841D00D69B09 /* PlaylistViewController.swift */,
				9AF7700926E8845E00D69B09 /* SearchResultsViewController.swift */,
			);
			path = Other;
			sourceTree = "<group>";
		};
/* End PBXGroup section */

/* Begin PBXNativeTarget section */
		9AF76FC926E87D9D00D69B09 /* Spotify */ = {
			isa = PBXNativeTarget;
			buildConfigurationList = 9AF76FDE26E87D9F00D69B09 /* Build configuration list for PBXNativeTarget "Spotify" */;
			buildPhases = (
				9AF76FC626E87D9D00D69B09 /* Sources */,
				9AF76FC726E87D9D00D69B09 /* Frameworks */,
				9AF76FC826E87D9D00D69B09 /* Resources */,
			);
			buildRules = (
			);
			dependencies = (
			);
			name = Spotify;
			productName = Spotify;
			productReference = 9AF76FCA26E87D9D00D69B09 /* Spotify.app */;
			productType = "com.apple.product-type.application";
		};
/* End PBXNativeTarget section */

/* Begin PBXProject section */
		9AF76FC226E87D9D00D69B09 /* Project object */ = {
			isa = PBXProject;
			attributes = {
				LastSwiftUpdateCheck = 1220;
				LastUpgradeCheck = 1220;
				TargetAttributes = {
					9AF76FC926E87D9D00D69B09 = {
						CreatedOnToolsVersion = 12.2;
					};
				};
			};
			buildConfigurationList = 9AF76FC526E87D9D00D69B09 /* Build configuration list for PBXProject "Spotify" */;
			compatibilityVersion = "Xcode 9.3";
			developmentRegion = en;
			hasScannedForEncodings = 0;
			knownRegions = (
				en,
				Base,
			);
			mainGroup = 9AF76FC126E87D9D00D69B09;
			productRefGroup = 9AF76FCB26E87D9D00D69B09 /* Products */;
			projectDirPath = "";
			projectRoot = "";
			targets = (
				9AF76FC926E87D9D00D69B09 /* Spotify */,
			);
		};
/* End PBXProject section */

/* Begin PBXResourcesBuildPhase section */
		9AF76FC826E87D9D00D69B09 /* Resources */ = {
			isa = PBXResourcesBuildPhase;
			buildActionMask = 2147483647;
			files = (
				9AF76FDA26E87D9F00D69B09 /* LaunchScreen.storyboard in Resources */,
				9AF76FD726E87D9F00D69B09 /* Assets.xcassets in Resources */,
			);
			runOnlyForDeploymentPostprocessing = 0;
		};
/* End PBXResourcesBuildPhase section */

/* Begin PBXSourcesBuildPhase section */
		9AF76FC626E87D9D00D69B09 /* Sources */ = {
			isa = PBXSourcesBuildPhase;
			buildActionMask = 2147483647;
			files = (
				9AF76FEE26E8829100D69B09 /* SearchViewController.swift in Sources */,
				9AF7701626E8852B00D69B09 /* Playlist.swift in Sources */,
				9AF7700D26E8849C00D69B09 /* AuthManager.swift in Sources */,
				9AF7700A26E8845E00D69B09 /* SearchResultsViewController.swift in Sources */,
				9AF76FFB26E8836900D69B09 /* WelcomeViewController.swift in Sources */,
				9AF7700126E883BF00D69B09 /* ProfileViewController.swift in Sources */,
				9AF76FEA26E8821500D69B09 /* TabBarViewController.swift in Sources */,
				9AF7701326E884F100D69B09 /* HapticsManager.swift in Sources */,
				9AF7702626E996BA00D69B09 /* AuthResponse.swift in Sources */,
				9AF7701926E8854700D69B09 /* AudioTrack.swift in Sources */,
				9AF76FD226E87D9D00D69B09 /* HomeViewController.swift in Sources */,
				9AF76FF826E8834100D69B09 /* AuthViewController.swift in Sources */,
				9AF76FCE26E87D9D00D69B09 /* AppDelegate.swift in Sources */,
				9AF7701F26E8859000D69B09 /* UserProfile.swift in Sources */,
				9AF7702326E8CB9600D69B09 /* Extensions.swift in Sources */,
				9AF76FF126E882BE00D69B09 /* LibraryViewController.swift in Sources */,
				9AF7701C26E8856500D69B09 /* Artist.swift in Sources */,
				9AF7700726E8841D00D69B09 /* PlaylistViewController.swift in Sources */,
				9AF76FD026E87D9D00D69B09 /* SceneDelegate.swift in Sources */,
				9AF7700426E883EA00D69B09 /* PlayerViewController.swift in Sources */,
				9AF7701026E884C100D69B09 /* APICaller.swift in Sources */,
				9AF76FFE26E8839700D69B09 /* SettingsViewController.swift in Sources */,
			);
			runOnlyForDeploymentPostprocessing = 0;
		};
/* End PBXSourcesBuildPhase section */

/* Begin PBXVariantGroup section */
		9AF76FD826E87D9F00D69B09 /* LaunchScreen.storyboard */ = {
			isa = PBXVariantGroup;
			children = (
				9AF76FD926E87D9F00D69B09 /* Base */,
			);
			name = LaunchScreen.storyboard;
			sourceTree = "<group>";
		};
/* End PBXVariantGroup section */

/* Begin XCBuildConfiguration section */
		9AF76FDC26E87D9F00D69B09 /* Debug */ = {
			isa = XCBuildConfiguration;
			buildSettings = {
				ALWAYS_SEARCH_USER_PATHS = NO;
				CLANG_ANALYZER_NONNULL = YES;
				CLANG_ANALYZER_NUMBER_OBJECT_CONVERSION = YES_AGGRESSIVE;
				CLANG_CXX_LANGUAGE_STANDARD = "gnu++14";
				CLANG_CXX_LIBRARY = "libc++";
				CLANG_ENABLE_MODULES = YES;
				CLANG_ENABLE_OBJC_ARC = YES;
				CLANG_ENABLE_OBJC_WEAK = YES;
				CLANG_WARN_BLOCK_CAPTURE_AUTORELEASING = YES;
				CLANG_WARN_BOOL_CONVERSION = YES;
				CLANG_WARN_COMMA = YES;
				CLANG_WARN_CONSTANT_CONVERSION = YES;
				CLANG_WARN_DEPRECATED_OBJC_IMPLEMENTATIONS = YES;
				CLANG_WARN_DIRECT_OBJC_ISA_USAGE = YES_ERROR;
				CLANG_WARN_DOCUMENTATION_COMMENTS = YES;
				CLANG_WARN_EMPTY_BODY = YES;
				CLANG_WARN_ENUM_CONVERSION = YES;
				CLANG_WARN_INFINITE_RECURSION = YES;
				CLANG_WARN_INT_CONVERSION = YES;
				CLANG_WARN_NON_LITERAL_NULL_CONVERSION = YES;
				CLANG_WARN_OBJC_IMPLICIT_RETAIN_SELF = YES;
				CLANG_WARN_OBJC_LITERAL_CONVERSION = YES;
				CLANG_WARN_OBJC_ROOT_CLASS = YES_ERROR;
				CLANG_WARN_QUOTED_INCLUDE_IN_FRAMEWORK_HEADER = YES;
				CLANG_WARN_RANGE_LOOP_ANALYSIS = YES;
				CLANG_WARN_STRICT_PROTOTYPES = YES;
				CLANG_WARN_SUSPICIOUS_MOVE = YES;
				CLANG_WARN_UNGUARDED_AVAILABILITY = YES_AGGRESSIVE;
				CLANG_WARN_UNREACHABLE_CODE = YES;
				CLANG_WARN__DUPLICATE_METHOD_MATCH = YES;
				COPY_PHASE_STRIP = NO;
				DEBUG_INFORMATION_FORMAT = dwarf;
				ENABLE_STRICT_OBJC_MSGSEND = YES;
				ENABLE_TESTABILITY = YES;
				GCC_C_LANGUAGE_STANDARD = gnu11;
				GCC_DYNAMIC_NO_PIC = NO;
				GCC_NO_COMMON_BLOCKS = YES;
				GCC_OPTIMIZATION_LEVEL = 0;
				GCC_PREPROCESSOR_DEFINITIONS = (
					"DEBUG=1",
					"$(inherited)",
				);
				GCC_WARN_64_TO_32_BIT_CONVERSION = YES;
				GCC_WARN_ABOUT_RETURN_TYPE = YES_ERROR;
				GCC_WARN_UNDECLARED_SELECTOR = YES;
				GCC_WARN_UNINITIALIZED_AUTOS = YES_AGGRESSIVE;
				GCC_WARN_UNUSED_FUNCTION = YES;
				GCC_WARN_UNUSED_VARIABLE = YES;
				IPHONEOS_DEPLOYMENT_TARGET = 14.2;
				MTL_ENABLE_DEBUG_INFO = INCLUDE_SOURCE;
				MTL_FAST_MATH = YES;
				ONLY_ACTIVE_ARCH = YES;
				SDKROOT = iphoneos;
				SWIFT_ACTIVE_COMPILATION_CONDITIONS = DEBUG;
				SWIFT_OPTIMIZATION_LEVEL = "-Onone";
			};
			name = Debug;
		};
		9AF76FDD26E87D9F00D69B09 /* Release */ = {
			isa = XCBuildConfiguration;
			buildSettings = {
				ALWAYS_SEARCH_USER_PATHS = NO;
				CLANG_ANALYZER_NONNULL = YES;
				CLANG_ANALYZER_NUMBER_OBJECT_CONVERSION = YES_AGGRESSIVE;
				CLANG_CXX_LANGUAGE_STANDARD = "gnu++14";
				CLANG_CXX_LIBRARY = "libc++";
				CLANG_ENABLE_MODULES = YES;
				CLANG_ENABLE_OBJC_ARC = YES;
				CLANG_ENABLE_OBJC_WEAK = YES;
				CLANG_WARN_BLOCK_CAPTURE_AUTORELEASING = YES;
				CLANG_WARN_BOOL_CONVERSION = YES;
				CLANG_WARN_COMMA = YES;
				CLANG_WARN_CONSTANT_CONVERSION = YES;
				CLANG_WARN_DEPRECATED_OBJC_IMPLEMENTATIONS = YES;
				CLANG_WARN_DIRECT_OBJC_ISA_USAGE = YES_ERROR;
				CLANG_WARN_DOCUMENTATION_COMMENTS = YES;
				CLANG_WARN_EMPTY_BODY = YES;
				CLANG_WARN_ENUM_CONVERSION = YES;
				CLANG_WARN_INFINITE_RECURSION = YES;
				CLANG_WARN_INT_CONVERSION = YES;
				CLANG_WARN_NON_LITERAL_NULL_CONVERSION = YES;
				CLANG_WARN_OBJC_IMPLICIT_RETAIN_SELF = YES;
				CLANG_WARN_OBJC_LITERAL_CONVERSION = YES;
				CLANG_WARN_OBJC_ROOT_CLASS = YES_ERROR;
				CLANG_WARN_QUOTED_INCLUDE_IN_FRAMEWORK_HEADER = YES;
				CLANG_WARN_RANGE_LOOP_ANALYSIS = YES;
				CLANG_WARN_STRICT_PROTOTYPES = YES;
				CLANG_WARN_SUSPICIOUS_MOVE = YES;
				CLANG_WARN_UNGUARDED_AVAILABILITY = YES_AGGRESSIVE;
				CLANG_WARN_UNREACHABLE_CODE = YES;
				CLANG_WARN__DUPLICATE_METHOD_MATCH = YES;
				COPY_PHASE_STRIP = NO;
				DEBUG_INFORMATION_FORMAT = "dwarf-with-dsym";
				ENABLE_NS_ASSERTIONS = NO;
				ENABLE_STRICT_OBJC_MSGSEND = YES;
				GCC_C_LANGUAGE_STANDARD = gnu11;
				GCC_NO_COMMON_BLOCKS = YES;
				GCC_WARN_64_TO_32_BIT_CONVERSION = YES;
				GCC_WARN_ABOUT_RETURN_TYPE = YES_ERROR;
				GCC_WARN_UNDECLARED_SELECTOR = YES;
				GCC_WARN_UNINITIALIZED_AUTOS = YES_AGGRESSIVE;
				GCC_WARN_UNUSED_FUNCTION = YES;
				GCC_WARN_UNUSED_VARIABLE = YES;
				IPHONEOS_DEPLOYMENT_TARGET = 14.2;
				MTL_ENABLE_DEBUG_INFO = NO;
				MTL_FAST_MATH = YES;
				SDKROOT = iphoneos;
				SWIFT_COMPILATION_MODE = wholemodule;
				SWIFT_OPTIMIZATION_LEVEL = "-O";
				VALIDATE_PRODUCT = YES;
			};
			name = Release;
		};
		9AF76FDF26E87D9F00D69B09 /* Debug */ = {
			isa = XCBuildConfiguration;
			buildSettings = {
				ASSETCATALOG_COMPILER_APPICON_NAME = AppIcon;
				ASSETCATALOG_COMPILER_GLOBAL_ACCENT_COLOR_NAME = AccentColor;
				CODE_SIGN_STYLE = Automatic;
				INFOPLIST_FILE = Spotify/Info.plist;
				LD_RUNPATH_SEARCH_PATHS = (
					"$(inherited)",
					"@executable_path/Frameworks",
				);
				PRODUCT_BUNDLE_IDENTIFIER = haju.project.Spotify;
				PRODUCT_NAME = "$(TARGET_NAME)";
				SWIFT_VERSION = 5.0;
				TARGETED_DEVICE_FAMILY = "1,2";
			};
			name = Debug;
		};
		9AF76FE026E87D9F00D69B09 /* Release */ = {
			isa = XCBuildConfiguration;
			buildSettings = {
				ASSETCATALOG_COMPILER_APPICON_NAME = AppIcon;
				ASSETCATALOG_COMPILER_GLOBAL_ACCENT_COLOR_NAME = AccentColor;
				CODE_SIGN_STYLE = Automatic;
				INFOPLIST_FILE = Spotify/Info.plist;
				LD_RUNPATH_SEARCH_PATHS = (
					"$(inherited)",
					"@executable_path/Frameworks",
				);
				PRODUCT_BUNDLE_IDENTIFIER = haju.project.Spotify;
				PRODUCT_NAME = "$(TARGET_NAME)";
				SWIFT_VERSION = 5.0;
				TARGETED_DEVICE_FAMILY = "1,2";
			};
			name = Release;
		};
/* End XCBuildConfiguration section */

/* Begin XCConfigurationList section */
		9AF76FC526E87D9D00D69B09 /* Build configuration list for PBXProject "Spotify" */ = {
			isa = XCConfigurationList;
			buildConfigurations = (
				9AF76FDC26E87D9F00D69B09 /* Debug */,
				9AF76FDD26E87D9F00D69B09 /* Release */,
			);
			defaultConfigurationIsVisible = 0;
			defaultConfigurationName = Release;
		};
		9AF76FDE26E87D9F00D69B09 /* Build configuration list for PBXNativeTarget "Spotify" */ = {
			isa = XCConfigurationList;
			buildConfigurations = (
				9AF76FDF26E87D9F00D69B09 /* Debug */,
				9AF76FE026E87D9F00D69B09 /* Release */,
			);
			defaultConfigurationIsVisible = 0;
			defaultConfigurationName = Release;
		};
/* End XCConfigurationList section */
	};
	rootObject = 9AF76FC226E87D9D00D69B09 /* Project object */;
}
